
Microsoft Visual Studio Solution File, Format Version 12.00
# Visual Studio Version 17
VisualStudioVersion = 17.11.35312.102
MinimumVisualStudioVersion = 10.0.40219.1
Project("{9A19103F-16F7-4668-BE54-9A1E7A4F7556}") = "Demo", "Demo\Demo.csproj", "{600A471D-7F69-46A3-A686-0F69A65A658B}"
EndProject
Project("{FAE04EC0-301F-11D3-BF4B-00C04F79EFBC}") = "p01_Sum_M_N", "p01_Sum_M_N\p01_Sum_M_N.csproj", "{731D11A3-CC7D-46BE-B643-5A5B6EA7E1C7}"
EndProject
Project("{FAE04EC0-301F-11D3-BF4B-00C04F79EFBC}") = "p02_Break", "p02_Break\p02_Break.csproj", "{1113C1D6-BB1D-4B35-A662-AE470DC7674C}"
EndProject
Project("{FAE04EC0-301F-11D3-BF4B-00C04F79EFBC}") = "p03_Password", "p03_Password\p03_Password.csproj", "{30B5D8DD-35D9-40B3-B903-75542F89FD38}"
EndProject
Global
	GlobalSection(SolutionConfigurationPlatforms) = preSolution
		Debug|Any CPU = Debug|Any CPU
		Release|Any CPU = Release|Any CPU
	EndGlobalSection
	GlobalSection(ProjectConfigurationPlatforms) = postSolution
		{600A471D-7F69-46A3-A686-0F69A65A658B}.Debug|Any CPU.ActiveCfg = Debug|Any CPU
		{600A471D-7F69-46A3-A686-0F69A65A658B}.Debug|Any CPU.Build.0 = Debug|Any CPU
		{600A471D-7F69-46A3-A686-0F69A65A658B}.Release|Any CPU.ActiveCfg = Release|Any CPU
		{600A471D-7F69-46A3-A686-0F69A65A658B}.Release|Any CPU.Build.0 = Release|Any CPU
		{731D11A3-CC7D-46BE-B643-5A5B6EA7E1C7}.Debug|Any CPU.ActiveCfg = Debug|Any CPU
		{731D11A3-CC7D-46BE-B643-5A5B6EA7E1C7}.Debug|Any CPU.Build.0 = Debug|Any CPU
		{731D11A3-CC7D-46BE-B643-5A5B6EA7E1C7}.Release|Any CPU.ActiveCfg = Release|Any CPU
		{731D11A3-CC7D-46BE-B643-5A5B6EA7E1C7}.Release|Any CPU.Build.0 = Release|Any CPU
		{1113C1D6-BB1D-4B35-A662-AE470DC7674C}.Debug|Any CPU.ActiveCfg = Debug|Any CPU
		{1113C1D6-BB1D-4B35-A662-AE470DC7674C}.Debug|Any CPU.Build.0 = Debug|Any CPU
		{1113C1D6-BB1D-4B35-A662-AE470DC7674C}.Release|Any CPU.ActiveCfg = Release|Any CPU
		{1113C1D6-BB1D-4B35-A662-AE470DC7674C}.Release|Any CPU.Build.0 = Release|Any CPU
		{30B5D8DD-35D9-40B3-B903-75542F89FD38}.Debug|Any CPU.ActiveCfg = Debug|Any CPU
		{30B5D8DD-35D9-40B3-B903-75542F89FD38}.Debug|Any CPU.Build.0 = Debug|Any CPU
		{30B5D8DD-35D9-40B3-B903-75542F89FD38}.Release|Any CPU.ActiveCfg = Release|Any CPU
		{30B5D8DD-35D9-40B3-B903-75542F89FD38}.Release|Any CPU.Build.0 = Release|Any CPU
	EndGlobalSection
	GlobalSection(SolutionProperties) = preSolution
		HideSolutionNode = FALSE
	EndGlobalSection
	GlobalSection(ExtensibilityGlobals) = postSolution
		SolutionGuid = {2F02F7CC-8573-4A45-9283-D4036175EFB0}
	EndGlobalSection
EndGlobal
