
Microsoft Visual Studio Solution File, Format Version 12.00
# Visual Studio Version 17
VisualStudioVersion = 17.11.35327.3
MinimumVisualStudioVersion = 10.0.40219.1
Project("{9A19103F-16F7-4668-BE54-9A1E7A4F7556}") = "Demo", "Demo\Demo.csproj", "{298F00A6-6C09-4C59-A87C-BB84F7909A20}"
EndProject
Project("{9A19103F-16F7-4668-BE54-9A1E7A4F7556}") = "P00-Methods_Sum1", "P00-Methods_Sum1\P00-Methods_Sum1.csproj", "{7D47C7C3-78D6-4071-A2CD-C8764AC13557}"
EndProject
Project("{9A19103F-16F7-4668-BE54-9A1E7A4F7556}") = "P01 - Sum_With_Parametars", "P01 - Sum_With_Parametars\P01 - Sum_With_Parametars.csproj", "{FC54EB90-D8B2-442B-9415-5E9312A167C6}"
EndProject
Project("{9A19103F-16F7-4668-BE54-9A1E7A4F7556}") = "P03-ZnakChislo", "P03-ZnakChislo\P03-ZnakChislo.csproj", "{83D5898A-3E3F-45E2-B396-B8C26D3782C1}"
EndProject
Project("{9A19103F-16F7-4668-BE54-9A1E7A4F7556}") = "P04-Kvadrat_Ot_Sbor", "P04-Kvadrat_Ot_Sbor\P04-Kvadrat_Ot_Sbor.csproj", "{32284C2A-6437-473D-89E2-98636E519BD6}"
EndProject
Project("{9A19103F-16F7-4668-BE54-9A1E7A4F7556}") = "P05 - AreaTriangle", "P05 - AreaTriangle\P05 - AreaTriangle.csproj", "{C90331EF-32E0-4194-9AAB-70D5A45788FE}"
EndProject
Project("{9A19103F-16F7-4668-BE54-9A1E7A4F7556}") = "P06 - Print", "P06 - Print\P06 - Print.csproj", "{CF0F3370-50AB-4EA8-8127-FC4245584830}"
EndProject
Project("{FAE04EC0-301F-11D3-BF4B-00C04F79EFBC}") = "P07 - AreaTrapec", "P07 - AreaTrapec\P07 - AreaTrapec.csproj", "{6D696762-6C11-4F6B-8FC1-B26456FD6B6F}"
EndProject
Project("{FAE04EC0-301F-11D3-BF4B-00C04F79EFBC}") = "P08 - GetMax", "P08 - GetMax\P08 - GetMax.csproj", "{74023610-786D-4B70-8B4A-92E9B19570AF}"
EndProject
Project("{FAE04EC0-301F-11D3-BF4B-00C04F79EFBC}") = "p09 - SignaturaMethod", "p09 - SignaturaMethod\p09 - SignaturaMethod.csproj", "{F1CFFFD9-0414-4A88-B193-4573EEF35B28}"
EndProject
Project("{FAE04EC0-301F-11D3-BF4B-00C04F79EFBC}") = "p10 - Stepen", "p10 - Stepen\p10 - Stepen.csproj", "{36DE6C52-4C4E-4DF3-AB12-B0D43F1B0ADC}"
EndProject
Global
	GlobalSection(SolutionConfigurationPlatforms) = preSolution
		Debug|Any CPU = Debug|Any CPU
		Release|Any CPU = Release|Any CPU
	EndGlobalSection
	GlobalSection(ProjectConfigurationPlatforms) = postSolution
		{298F00A6-6C09-4C59-A87C-BB84F7909A20}.Debug|Any CPU.ActiveCfg = Debug|Any CPU
		{298F00A6-6C09-4C59-A87C-BB84F7909A20}.Debug|Any CPU.Build.0 = Debug|Any CPU
		{298F00A6-6C09-4C59-A87C-BB84F7909A20}.Release|Any CPU.ActiveCfg = Release|Any CPU
		{298F00A6-6C09-4C59-A87C-BB84F7909A20}.Release|Any CPU.Build.0 = Release|Any CPU
		{7D47C7C3-78D6-4071-A2CD-C8764AC13557}.Debug|Any CPU.ActiveCfg = Debug|Any CPU
		{7D47C7C3-78D6-4071-A2CD-C8764AC13557}.Debug|Any CPU.Build.0 = Debug|Any CPU
		{7D47C7C3-78D6-4071-A2CD-C8764AC13557}.Release|Any CPU.ActiveCfg = Release|Any CPU
		{7D47C7C3-78D6-4071-A2CD-C8764AC13557}.Release|Any CPU.Build.0 = Release|Any CPU
		{FC54EB90-D8B2-442B-9415-5E9312A167C6}.Debug|Any CPU.ActiveCfg = Debug|Any CPU
		{FC54EB90-D8B2-442B-9415-5E9312A167C6}.Debug|Any CPU.Build.0 = Debug|Any CPU
		{FC54EB90-D8B2-442B-9415-5E9312A167C6}.Release|Any CPU.ActiveCfg = Release|Any CPU
		{FC54EB90-D8B2-442B-9415-5E9312A167C6}.Release|Any CPU.Build.0 = Release|Any CPU
		{83D5898A-3E3F-45E2-B396-B8C26D3782C1}.Debug|Any CPU.ActiveCfg = Debug|Any CPU
		{83D5898A-3E3F-45E2-B396-B8C26D3782C1}.Debug|Any CPU.Build.0 = Debug|Any CPU
		{83D5898A-3E3F-45E2-B396-B8C26D3782C1}.Release|Any CPU.ActiveCfg = Release|Any CPU
		{83D5898A-3E3F-45E2-B396-B8C26D3782C1}.Release|Any CPU.Build.0 = Release|Any CPU
		{32284C2A-6437-473D-89E2-98636E519BD6}.Debug|Any CPU.ActiveCfg = Debug|Any CPU
		{32284C2A-6437-473D-89E2-98636E519BD6}.Debug|Any CPU.Build.0 = Debug|Any CPU
		{32284C2A-6437-473D-89E2-98636E519BD6}.Release|Any CPU.ActiveCfg = Release|Any CPU
		{32284C2A-6437-473D-89E2-98636E519BD6}.Release|Any CPU.Build.0 = Release|Any CPU
		{C90331EF-32E0-4194-9AAB-70D5A45788FE}.Debug|Any CPU.ActiveCfg = Debug|Any CPU
		{C90331EF-32E0-4194-9AAB-70D5A45788FE}.Debug|Any CPU.Build.0 = Debug|Any CPU
		{C90331EF-32E0-4194-9AAB-70D5A45788FE}.Release|Any CPU.ActiveCfg = Release|Any CPU
		{C90331EF-32E0-4194-9AAB-70D5A45788FE}.Release|Any CPU.Build.0 = Release|Any CPU
		{CF0F3370-50AB-4EA8-8127-FC4245584830}.Debug|Any CPU.ActiveCfg = Debug|Any CPU
		{CF0F3370-50AB-4EA8-8127-FC4245584830}.Debug|Any CPU.Build.0 = Debug|Any CPU
		{CF0F3370-50AB-4EA8-8127-FC4245584830}.Release|Any CPU.ActiveCfg = Release|Any CPU
		{CF0F3370-50AB-4EA8-8127-FC4245584830}.Release|Any CPU.Build.0 = Release|Any CPU
		{6D696762-6C11-4F6B-8FC1-B26456FD6B6F}.Debug|Any CPU.ActiveCfg = Debug|Any CPU
		{6D696762-6C11-4F6B-8FC1-B26456FD6B6F}.Debug|Any CPU.Build.0 = Debug|Any CPU
		{6D696762-6C11-4F6B-8FC1-B26456FD6B6F}.Release|Any CPU.ActiveCfg = Release|Any CPU
		{6D696762-6C11-4F6B-8FC1-B26456FD6B6F}.Release|Any CPU.Build.0 = Release|Any CPU
		{74023610-786D-4B70-8B4A-92E9B19570AF}.Debug|Any CPU.ActiveCfg = Debug|Any CPU
		{74023610-786D-4B70-8B4A-92E9B19570AF}.Debug|Any CPU.Build.0 = Debug|Any CPU
		{74023610-786D-4B70-8B4A-92E9B19570AF}.Release|Any CPU.ActiveCfg = Release|Any CPU
		{74023610-786D-4B70-8B4A-92E9B19570AF}.Release|Any CPU.Build.0 = Release|Any CPU
		{F1CFFFD9-0414-4A88-B193-4573EEF35B28}.Debug|Any CPU.ActiveCfg = Debug|Any CPU
		{F1CFFFD9-0414-4A88-B193-4573EEF35B28}.Debug|Any CPU.Build.0 = Debug|Any CPU
		{F1CFFFD9-0414-4A88-B193-4573EEF35B28}.Release|Any CPU.ActiveCfg = Release|Any CPU
		{F1CFFFD9-0414-4A88-B193-4573EEF35B28}.Release|Any CPU.Build.0 = Release|Any CPU
		{36DE6C52-4C4E-4DF3-AB12-B0D43F1B0ADC}.Debug|Any CPU.ActiveCfg = Debug|Any CPU
		{36DE6C52-4C4E-4DF3-AB12-B0D43F1B0ADC}.Debug|Any CPU.Build.0 = Debug|Any CPU
		{36DE6C52-4C4E-4DF3-AB12-B0D43F1B0ADC}.Release|Any CPU.ActiveCfg = Release|Any CPU
		{36DE6C52-4C4E-4DF3-AB12-B0D43F1B0ADC}.Release|Any CPU.Build.0 = Release|Any CPU
	EndGlobalSection
	GlobalSection(SolutionProperties) = preSolution
		HideSolutionNode = FALSE
	EndGlobalSection
	GlobalSection(ExtensibilityGlobals) = postSolution
		SolutionGuid = {09284EA1-682D-4C65-9B2A-A3C63CC08CC2}
	EndGlobalSection
EndGlobal
