
Microsoft Visual Studio Solution File, Format Version 12.00
# Visual Studio Version 17
VisualStudioVersion = 17.9.34723.18
MinimumVisualStudioVersion = 10.0.40219.1
Project("{9A19103F-16F7-4668-BE54-9A1E7A4F7556}") = "p01_PublicMethods_DEMO", "p01_PublicMethods_DEMO\p01_PublicMethods_DEMO.csproj", "{26691C26-6C31-433A-993F-DFBABF60B018}"
EndProject
Project("{FAE04EC0-301F-11D3-BF4B-00C04F79EFBC}") = "p02_PrivateMethods_DEMO", "p02_PrivateMethods_DEMO\p02_PrivateMethods_DEMO.csproj", "{5CF41BE5-B3ED-43B2-9125-BE03C3F67161}"
EndProject
Global
	GlobalSection(SolutionConfigurationPlatforms) = preSolution
		Debug|Any CPU = Debug|Any CPU
		Release|Any CPU = Release|Any CPU
	EndGlobalSection
	GlobalSection(ProjectConfigurationPlatforms) = postSolution
		{26691C26-6C31-433A-993F-DFBABF60B018}.Debug|Any CPU.ActiveCfg = Debug|Any CPU
		{26691C26-6C31-433A-993F-DFBABF60B018}.Debug|Any CPU.Build.0 = Debug|Any CPU
		{26691C26-6C31-433A-993F-DFBABF60B018}.Release|Any CPU.ActiveCfg = Release|Any CPU
		{26691C26-6C31-433A-993F-DFBABF60B018}.Release|Any CPU.Build.0 = Release|Any CPU
		{5CF41BE5-B3ED-43B2-9125-BE03C3F67161}.Debug|Any CPU.ActiveCfg = Debug|Any CPU
		{5CF41BE5-B3ED-43B2-9125-BE03C3F67161}.Debug|Any CPU.Build.0 = Debug|Any CPU
		{5CF41BE5-B3ED-43B2-9125-BE03C3F67161}.Release|Any CPU.ActiveCfg = Release|Any CPU
		{5CF41BE5-B3ED-43B2-9125-BE03C3F67161}.Release|Any CPU.Build.0 = Release|Any CPU
	EndGlobalSection
	GlobalSection(SolutionProperties) = preSolution
		HideSolutionNode = FALSE
	EndGlobalSection
	GlobalSection(ExtensibilityGlobals) = postSolution
		SolutionGuid = {5C2846F3-89AF-4968-ABB0-6180763F1844}
	EndGlobalSection
EndGlobal
