
Microsoft Visual Studio Solution File, Format Version 12.00
# Visual Studio Version 17
VisualStudioVersion = 17.11.35327.3
MinimumVisualStudioVersion = 10.0.40219.1
Project("{9A19103F-16F7-4668-BE54-9A1E7A4F7556}") = "P00 - Demo", "P00 - Demo\P00 - Demo.csproj", "{CE1FF5B4-3045-464E-A0BF-A57D20CD4A91}"
EndProject
Project("{9A19103F-16F7-4668-BE54-9A1E7A4F7556}") = "P01 - Demo1", "P01 - Demo1\P01 - Demo1.csproj", "{A5C48C23-4CAF-46EB-BD6E-AB13A89B6A2B}"
EndProject
Project("{9A19103F-16F7-4668-BE54-9A1E7A4F7556}") = "P10 - Figures", "P10 - Figures\P10 - Figures.csproj", "{44988416-F3F2-4DA9-BB70-DA044F3E6BAF}"
EndProject
Project("{9A19103F-16F7-4668-BE54-9A1E7A4F7556}") = "P02 - Demo", "P02 - Demo\P02 - Demo.csproj", "{E50A1930-FCEA-4F71-8302-C2223CE106E1}"
EndProject
Project("{9A19103F-16F7-4668-BE54-9A1E7A4F7556}") = "p11 - Figuri", "p11 - Figuri\p11 - Figuri.csproj", "{4A1D462E-4804-4954-B3DE-C4D42E0E27FF}"
EndProject
Project("{9A19103F-16F7-4668-BE54-9A1E7A4F7556}") = "P12  - Cars", "P12  - Cars\P12  - Cars.csproj", "{28312B5E-F3AD-4FC6-9387-AC1475E7471C}"
EndProject
Project("{9A19103F-16F7-4668-BE54-9A1E7A4F7556}") = "P14 -  Telephonia", "P14 -  Telephonia\P14 -  Telephonia.csproj", "{5CC0D7B9-CCD3-4663-8A9C-834E2C3D7D0E}"
EndProject
Project("{9A19103F-16F7-4668-BE54-9A1E7A4F7556}") = "p111 - Figures", "p111 - Figures\p111 - Figures.csproj", "{77A2681D-7ECE-4A30-A711-7377EA3076A8}"
EndProject
Project("{9A19103F-16F7-4668-BE54-9A1E7A4F7556}") = "P15 - w4.7 - Animals", "P15 - w4.7 - Animals\P15 - w4.7 - Animals.csproj", "{1F0D7369-AE70-4CDB-89FE-75A6FCCFEC83}"
EndProject
Project("{FAE04EC0-301F-11D3-BF4B-00C04F79EFBC}") = "p15.1 - AnimalKingdom", "p15.1 - AnimalKingdom\p15.1 - AnimalKingdom.csproj", "{5EB47883-B658-4D93-A5A9-0AC18DEEA147}"
EndProject
Project("{FAE04EC0-301F-11D3-BF4B-00C04F79EFBC}") = "p20 - Shapes", "p20 - Shapes\p20 - Shapes.csproj", "{52B0ECEF-57E8-4460-B870-A92CCE5D8339}"
EndProject
Global
	GlobalSection(SolutionConfigurationPlatforms) = preSolution
		Debug|Any CPU = Debug|Any CPU
		Release|Any CPU = Release|Any CPU
	EndGlobalSection
	GlobalSection(ProjectConfigurationPlatforms) = postSolution
		{CE1FF5B4-3045-464E-A0BF-A57D20CD4A91}.Debug|Any CPU.ActiveCfg = Debug|Any CPU
		{CE1FF5B4-3045-464E-A0BF-A57D20CD4A91}.Debug|Any CPU.Build.0 = Debug|Any CPU
		{CE1FF5B4-3045-464E-A0BF-A57D20CD4A91}.Release|Any CPU.ActiveCfg = Release|Any CPU
		{CE1FF5B4-3045-464E-A0BF-A57D20CD4A91}.Release|Any CPU.Build.0 = Release|Any CPU
		{A5C48C23-4CAF-46EB-BD6E-AB13A89B6A2B}.Debug|Any CPU.ActiveCfg = Debug|Any CPU
		{A5C48C23-4CAF-46EB-BD6E-AB13A89B6A2B}.Debug|Any CPU.Build.0 = Debug|Any CPU
		{A5C48C23-4CAF-46EB-BD6E-AB13A89B6A2B}.Release|Any CPU.ActiveCfg = Release|Any CPU
		{A5C48C23-4CAF-46EB-BD6E-AB13A89B6A2B}.Release|Any CPU.Build.0 = Release|Any CPU
		{44988416-F3F2-4DA9-BB70-DA044F3E6BAF}.Debug|Any CPU.ActiveCfg = Debug|Any CPU
		{44988416-F3F2-4DA9-BB70-DA044F3E6BAF}.Debug|Any CPU.Build.0 = Debug|Any CPU
		{44988416-F3F2-4DA9-BB70-DA044F3E6BAF}.Release|Any CPU.ActiveCfg = Release|Any CPU
		{44988416-F3F2-4DA9-BB70-DA044F3E6BAF}.Release|Any CPU.Build.0 = Release|Any CPU
		{E50A1930-FCEA-4F71-8302-C2223CE106E1}.Debug|Any CPU.ActiveCfg = Debug|Any CPU
		{E50A1930-FCEA-4F71-8302-C2223CE106E1}.Debug|Any CPU.Build.0 = Debug|Any CPU
		{E50A1930-FCEA-4F71-8302-C2223CE106E1}.Release|Any CPU.ActiveCfg = Release|Any CPU
		{E50A1930-FCEA-4F71-8302-C2223CE106E1}.Release|Any CPU.Build.0 = Release|Any CPU
		{4A1D462E-4804-4954-B3DE-C4D42E0E27FF}.Debug|Any CPU.ActiveCfg = Debug|Any CPU
		{4A1D462E-4804-4954-B3DE-C4D42E0E27FF}.Debug|Any CPU.Build.0 = Debug|Any CPU
		{4A1D462E-4804-4954-B3DE-C4D42E0E27FF}.Release|Any CPU.ActiveCfg = Release|Any CPU
		{4A1D462E-4804-4954-B3DE-C4D42E0E27FF}.Release|Any CPU.Build.0 = Release|Any CPU
		{28312B5E-F3AD-4FC6-9387-AC1475E7471C}.Debug|Any CPU.ActiveCfg = Debug|Any CPU
		{28312B5E-F3AD-4FC6-9387-AC1475E7471C}.Debug|Any CPU.Build.0 = Debug|Any CPU
		{28312B5E-F3AD-4FC6-9387-AC1475E7471C}.Release|Any CPU.ActiveCfg = Release|Any CPU
		{28312B5E-F3AD-4FC6-9387-AC1475E7471C}.Release|Any CPU.Build.0 = Release|Any CPU
		{5CC0D7B9-CCD3-4663-8A9C-834E2C3D7D0E}.Debug|Any CPU.ActiveCfg = Debug|Any CPU
		{5CC0D7B9-CCD3-4663-8A9C-834E2C3D7D0E}.Debug|Any CPU.Build.0 = Debug|Any CPU
		{5CC0D7B9-CCD3-4663-8A9C-834E2C3D7D0E}.Release|Any CPU.ActiveCfg = Release|Any CPU
		{5CC0D7B9-CCD3-4663-8A9C-834E2C3D7D0E}.Release|Any CPU.Build.0 = Release|Any CPU
		{77A2681D-7ECE-4A30-A711-7377EA3076A8}.Debug|Any CPU.ActiveCfg = Debug|Any CPU
		{77A2681D-7ECE-4A30-A711-7377EA3076A8}.Debug|Any CPU.Build.0 = Debug|Any CPU
		{77A2681D-7ECE-4A30-A711-7377EA3076A8}.Release|Any CPU.ActiveCfg = Release|Any CPU
		{77A2681D-7ECE-4A30-A711-7377EA3076A8}.Release|Any CPU.Build.0 = Release|Any CPU
		{1F0D7369-AE70-4CDB-89FE-75A6FCCFEC83}.Debug|Any CPU.ActiveCfg = Debug|Any CPU
		{1F0D7369-AE70-4CDB-89FE-75A6FCCFEC83}.Debug|Any CPU.Build.0 = Debug|Any CPU
		{1F0D7369-AE70-4CDB-89FE-75A6FCCFEC83}.Release|Any CPU.ActiveCfg = Release|Any CPU
		{1F0D7369-AE70-4CDB-89FE-75A6FCCFEC83}.Release|Any CPU.Build.0 = Release|Any CPU
		{5EB47883-B658-4D93-A5A9-0AC18DEEA147}.Debug|Any CPU.ActiveCfg = Debug|Any CPU
		{5EB47883-B658-4D93-A5A9-0AC18DEEA147}.Debug|Any CPU.Build.0 = Debug|Any CPU
		{5EB47883-B658-4D93-A5A9-0AC18DEEA147}.Release|Any CPU.ActiveCfg = Release|Any CPU
		{5EB47883-B658-4D93-A5A9-0AC18DEEA147}.Release|Any CPU.Build.0 = Release|Any CPU
		{52B0ECEF-57E8-4460-B870-A92CCE5D8339}.Debug|Any CPU.ActiveCfg = Debug|Any CPU
		{52B0ECEF-57E8-4460-B870-A92CCE5D8339}.Debug|Any CPU.Build.0 = Debug|Any CPU
		{52B0ECEF-57E8-4460-B870-A92CCE5D8339}.Release|Any CPU.ActiveCfg = Release|Any CPU
		{52B0ECEF-57E8-4460-B870-A92CCE5D8339}.Release|Any CPU.Build.0 = Release|Any CPU
	EndGlobalSection
	GlobalSection(SolutionProperties) = preSolution
		HideSolutionNode = FALSE
	EndGlobalSection
	GlobalSection(ExtensibilityGlobals) = postSolution
		SolutionGuid = {9633BFD2-60AF-4307-9BDB-71456C9F800E}
	EndGlobalSection
EndGlobal
